// !$*UTF8*$!
{
	archiveVersion = 1;
	classes = {
	};
	objectVersion = 46;
	objects = {

/* Begin PBXBuildFile section */
		CF6C254C1B15149A00981CB5 /* AppDelegate.swift in Sources */ = {isa = PBXBuildFile; fileRef = CF6C254B1B15149A00981CB5 /* AppDelegate.swift */; };
		CF6C254E1B15149A00981CB5 /* ViewController.swift in Sources */ = {isa = PBXBuildFile; fileRef = CF6C254D1B15149A00981CB5 /* ViewController.swift */; };
		CF6C25511B15149A00981CB5 /* Main.storyboard in Resources */ = {isa = PBXBuildFile; fileRef = CF6C254F1B15149A00981CB5 /* Main.storyboard */; };
		CF6C25531B15149A00981CB5 /* Images.xcassets in Resources */ = {isa = PBXBuildFile; fileRef = CF6C25521B15149A00981CB5 /* Images.xcassets */; };
		CF6C25561B15149A00981CB5 /* LaunchScreen.xib in Resources */ = {isa = PBXBuildFile; fileRef = CF6C25541B15149A00981CB5 /* LaunchScreen.xib */; };
		CF6C25621B15149A00981CB5 /* PostcardTests.swift in Sources */ = {isa = PBXBuildFile; fileRef = CF6C25611B15149A00981CB5 /* PostcardTests.swift */; };
		CF6C256C1B163E9C00981CB5 /* SagradaFamilia.jpeg in Resources */ = {isa = PBXBuildFile; fileRef = CF6C256B1B163E9C00981CB5 /* SagradaFamilia.jpeg */; };
		CF6C256E1B16443500981CB5 /* AlbertEinsteinStamp.jpg in Resources */ = {isa = PBXBuildFile; fileRef = CF6C256D1B16443500981CB5 /* AlbertEinsteinStamp.jpg */; };
/* End PBXBuildFile section */

/* Begin PBXContainerItemProxy section */
		CF6C255C1B15149A00981CB5 /* PBXContainerItemProxy */ = {
			isa = PBXContainerItemProxy;
			containerPortal = CF6C253E1B15149A00981CB5 /* Project object */;
			proxyType = 1;
			remoteGlobalIDString = CF6C25451B15149A00981CB5;
			remoteInfo = Postcard;
		};
/* End PBXContainerItemProxy section */

/* Begin PBXFileReference section */
		CF6C25461B15149A00981CB5 /* Postcard.app */ = {isa = PBXFileReference; explicitFileType = wrapper.application; includeInIndex = 0; path = Postcard.app; sourceTree = BUILT_PRODUCTS_DIR; };
		CF6C254A1B15149A00981CB5 /* Info.plist */ = {isa = PBXFileReference; lastKnownFileType = text.plist.xml; path = Info.plist; sourceTree = "<group>"; };
		CF6C254B1B15149A00981CB5 /* AppDelegate.swift */ = {isa = PBXFileReference; lastKnownFileType = sourcecode.swift; path = AppDelegate.swift; sourceTree = "<group>"; };
		CF6C254D1B15149A00981CB5 /* ViewController.swift */ = {isa = PBXFileReference; lastKnownFileType = sourcecode.swift; path = ViewController.swift; sourceTree = "<group>"; };
		CF6C25501B15149A00981CB5 /* Base */ = {isa = PBXFileReference; lastKnownFileType = file.storyboard; name = Base; path = Base.lproj/Main.storyboard; sourceTree = "<group>"; };
		CF6C25521B15149A00981CB5 /* Images.xcassets */ = {isa = PBXFileReference; lastKnownFileType = folder.assetcatalog; path = Images.xcassets; sourceTree = "<group>"; };
		CF6C25551B15149A00981CB5 /* Base */ = {isa = PBXFileReference; lastKnownFileType = file.xib; name = Base; path = Base.lproj/LaunchScreen.xib; sourceTree = "<group>"; };
		CF6C255B1B15149A00981CB5 /* PostcardTests.xctest */ = {isa = PBXFileReference; explicitFileType = wrapper.cfbundle; includeInIndex = 0; path = PostcardTests.xctest; sourceTree = BUILT_PRODUCTS_DIR; };
		CF6C25601B15149A00981CB5 /* Info.plist */ = {isa = PBXFileReference; lastKnownFileType = text.plist.xml; path = Info.plist; sourceTree = "<group>"; };
		CF6C25611B15149A00981CB5 /* PostcardTests.swift */ = {isa = PBXFileReference; lastKnownFileType = sourcecode.swift; path = PostcardTests.swift; sourceTree = "<group>"; };
		CF6C256B1B163E9C00981CB5 /* SagradaFamilia.jpeg */ = {isa = PBXFileReference; lastKnownFileType = image.jpeg; path = SagradaFamilia.jpeg; sourceTree = "<group>"; };
		CF6C256D1B16443500981CB5 /* AlbertEinsteinStamp.jpg */ = {isa = PBXFileReference; lastKnownFileType = image.jpeg; path = AlbertEinsteinStamp.jpg; sourceTree = "<group>"; };
/* End PBXFileReference section */

/* Begin PBXFrameworksBuildPhase section */
		CF6C25431B15149A00981CB5 /* Frameworks */ = {
			isa = PBXFrameworksBuildPhase;
			buildActionMask = 2147483647;
			files = (
			);
			runOnlyForDeploymentPostprocessing = 0;
		};
		CF6C25581B15149A00981CB5 /* Frameworks */ = {
			isa = PBXFrameworksBuildPhase;
			buildActionMask = 2147483647;
			files = (
			);
			runOnlyForDeploymentPostprocessing = 0;
		};
/* End PBXFrameworksBuildPhase section */

/* Begin PBXGroup section */
		CF6C253D1B15149A00981CB5 = {
			isa = PBXGroup;
			children = (
				CF6C25481B15149A00981CB5 /* Postcard */,
				CF6C255E1B15149A00981CB5 /* PostcardTests */,
				CF6C25471B15149A00981CB5 /* Products */,
			);
			sourceTree = "<group>";
		};
		CF6C25471B15149A00981CB5 /* Products */ = {
			isa = PBXGroup;
			children = (
				CF6C25461B15149A00981CB5 /* Postcard.app */,
				CF6C255B1B15149A00981CB5 /* PostcardTests.xctest */,
			);
			name = Products;
			sourceTree = "<group>";
		};
		CF6C25481B15149A00981CB5 /* Postcard */ = {
			isa = PBXGroup;
			children = (
				CF6C254B1B15149A00981CB5 /* AppDelegate.swift */,
				CF6C254D1B15149A00981CB5 /* ViewController.swift */,
				CF6C254F1B15149A00981CB5 /* Main.storyboard */,
				CF6C25521B15149A00981CB5 /* Images.xcassets */,
				CF6C25541B15149A00981CB5 /* LaunchScreen.xib */,
				CF6C25491B15149A00981CB5 /* Supporting Files */,
			);
			path = Postcard;
			sourceTree = "<group>";
		};
		CF6C25491B15149A00981CB5 /* Supporting Files */ = {
			isa = PBXGroup;
			children = (
				CF6C256B1B163E9C00981CB5 /* SagradaFamilia.jpeg */,
				CF6C256D1B16443500981CB5 /* AlbertEinsteinStamp.jpg */,
				CF6C254A1B15149A00981CB5 /* Info.plist */,
			);
			name = "Supporting Files";
			sourceTree = "<group>";
		};
		CF6C255E1B15149A00981CB5 /* PostcardTests */ = {
			isa = PBXGroup;
			children = (
				CF6C25611B15149A00981CB5 /* PostcardTests.swift */,
				CF6C255F1B15149A00981CB5 /* Supporting Files */,
			);
			path = PostcardTests;
			sourceTree = "<group>";
		};
		CF6C255F1B15149A00981CB5 /* Supporting Files */ = {
			isa = PBXGroup;
			children = (
				CF6C25601B15149A00981CB5 /* Info.plist */,
			);
			name = "Supporting Files";
			sourceTree = "<group>";
		};
/* End PBXGroup section */

/* Begin PBXNativeTarget section */
		CF6C25451B15149A00981CB5 /* Postcard */ = {
			isa = PBXNativeTarget;
			buildConfigurationList = CF6C25651B15149A00981CB5 /* Build configuration list for PBXNativeTarget "Postcard" */;
			buildPhases = (
				CF6C25421B15149A00981CB5 /* Sources */,
				CF6C25431B15149A00981CB5 /* Frameworks */,
				CF6C25441B15149A00981CB5 /* Resources */,
			);
			buildRules = (
			);
			dependencies = (
			);
			name = Postcard;
			productName = Postcard;
			productReference = CF6C25461B15149A00981CB5 /* Postcard.app */;
			productType = "com.apple.product-type.application";
		};
		CF6C255A1B15149A00981CB5 /* PostcardTests */ = {
			isa = PBXNativeTarget;
			buildConfigurationList = CF6C25681B15149A00981CB5 /* Build configuration list for PBXNativeTarget "PostcardTests" */;
			buildPhases = (
				CF6C25571B15149A00981CB5 /* Sources */,
				CF6C25581B15149A00981CB5 /* Frameworks */,
				CF6C25591B15149A00981CB5 /* Resources */,
			);
			buildRules = (
			);
			dependencies = (
				CF6C255D1B15149A00981CB5 /* PBXTargetDependency */,
			);
			name = PostcardTests;
			productName = PostcardTests;
			productReference = CF6C255B1B15149A00981CB5 /* PostcardTests.xctest */;
			productType = "com.apple.product-type.bundle.unit-test";
		};
/* End PBXNativeTarget section */

/* Begin PBXProject section */
		CF6C253E1B15149A00981CB5 /* Project object */ = {
			isa = PBXProject;
			attributes = {
				LastUpgradeCheck = 0630;
				ORGANIZATIONNAME = GemmaShearer;
				TargetAttributes = {
					CF6C25451B15149A00981CB5 = {
						CreatedOnToolsVersion = 6.3.1;
					};
					CF6C255A1B15149A00981CB5 = {
						CreatedOnToolsVersion = 6.3.1;
						TestTargetID = CF6C25451B15149A00981CB5;
					};
				};
			};
			buildConfigurationList = CF6C25411B15149A00981CB5 /* Build configuration list for PBXProject "Postcard" */;
			compatibilityVersion = "Xcode 3.2";
			developmentRegion = English;
			hasScannedForEncodings = 0;
			knownRegions = (
				en,
				Base,
			);
			mainGroup = CF6C253D1B15149A00981CB5;
			productRefGroup = CF6C25471B15149A00981CB5 /* Products */;
			projectDirPath = "";
			projectRoot = "";
			targets = (
				CF6C25451B15149A00981CB5 /* Postcard */,
				CF6C255A1B15149A00981CB5 /* PostcardTests */,
			);
		};
/* End PBXProject section */

/* Begin PBXResourcesBuildPhase section */
		CF6C25441B15149A00981CB5 /* Resources */ = {
			isa = PBXResourcesBuildPhase;
			buildActionMask = 2147483647;
			files = (
				CF6C25511B15149A00981CB5 /* Main.storyboard in Resources */,
				CF6C256C1B163E9C00981CB5 /* SagradaFamilia.jpeg in Resources */,
				CF6C256E1B16443500981CB5 /* AlbertEinsteinStamp.jpg in Resources */,
				CF6C25561B15149A00981CB5 /* LaunchScreen.xib in Resources */,
				CF6C25531B15149A00981CB5 /* Images.xcassets in Resources */,
			);
			runOnlyForDeploymentPostprocessing = 0;
		};
		CF6C25591B15149A00981CB5 /* Resources */ = {
			isa = PBXResourcesBuildPhase;
			buildActionMask = 2147483647;
			files = (
			);
			runOnlyForDeploymentPostprocessing = 0;
		};
/* End PBXResourcesBuildPhase section */

/* Begin PBXSourcesBuildPhase section */
		CF6C25421B15149A00981CB5 /* Sources */ = {
			isa = PBXSourcesBuildPhase;
			buildActionMask = 2147483647;
			files = (
				CF6C254E1B15149A00981CB5 /* ViewController.swift in Sources */,
				CF6C254C1B15149A00981CB5 /* AppDelegate.swift in Sources */,
			);
			runOnlyForDeploymentPostprocessing = 0;
		};
		CF6C25571B15149A00981CB5 /* Sources */ = {
			isa = PBXSourcesBuildPhase;
			buildActionMask = 2147483647;
			files = (
				CF6C25621B15149A00981CB5 /* PostcardTests.swift in Sources */,
			);
			runOnlyForDeploymentPostprocessing = 0;
		};
/* End PBXSourcesBuildPhase section */

/* Begin PBXTargetDependency section */
		CF6C255D1B15149A00981CB5 /* PBXTargetDependency */ = {
			isa = PBXTargetDependency;
			target = CF6C25451B15149A00981CB5 /* Postcard */;
			targetProxy = CF6C255C1B15149A00981CB5 /* PBXContainerItemProxy */;
		};
/* End PBXTargetDependency section */

/* Begin PBXVariantGroup section */
		CF6C254F1B15149A00981CB5 /* Main.storyboard */ = {
			isa = PBXVariantGroup;
			children = (
				CF6C25501B15149A00981CB5 /* Base */,
			);
			name = Main.storyboard;
			sourceTree = "<group>";
		};
		CF6C25541B15149A00981CB5 /* LaunchScreen.xib */ = {
			isa = PBXVariantGroup;
			children = (
				CF6C25551B15149A00981CB5 /* Base */,
			);
			name = LaunchScreen.xib;
			sourceTree = "<group>";
		};
/* End PBXVariantGroup section */

/* Begin XCBuildConfiguration section */
		CF6C25631B15149A00981CB5 /* Debug */ = {
			isa = XCBuildConfiguration;
			buildSettings = {
				ALWAYS_SEARCH_USER_PATHS = NO;
				CLANG_CXX_LANGUAGE_STANDARD = "gnu++0x";
				CLANG_CXX_LIBRARY = "libc++";
				CLANG_ENABLE_MODULES = YES;
				CLANG_ENABLE_OBJC_ARC = YES;
				CLANG_WARN_BOOL_CONVERSION = YES;
				CLANG_WARN_CONSTANT_CONVERSION = YES;
				CLANG_WARN_DIRECT_OBJC_ISA_USAGE = YES_ERROR;
				CLANG_WARN_EMPTY_BODY = YES;
				CLANG_WARN_ENUM_CONVERSION = YES;
				CLANG_WARN_INT_CONVERSION = YES;
				CLANG_WARN_OBJC_ROOT_CLASS = YES_ERROR;
				CLANG_WARN_UNREACHABLE_CODE = YES;
				CLANG_WARN__DUPLICATE_METHOD_MATCH = YES;
				"CODE_SIGN_IDENTITY[sdk=iphoneos*]" = "iPhone Developer";
				COPY_PHASE_STRIP = NO;
				DEBUG_INFORMATION_FORMAT = "dwarf-with-dsym";
				ENABLE_STRICT_OBJC_MSGSEND = YES;
				GCC_C_LANGUAGE_STANDARD = gnu99;
				GCC_DYNAMIC_NO_PIC = NO;
				GCC_NO_COMMON_BLOCKS = YES;
				GCC_OPTIMIZATION_LEVEL = 0;
				GCC_PREPROCESSOR_DEFINITIONS = (
					"DEBUG=1",
					"$(inherited)",
				);
				GCC_SYMBOLS_PRIVATE_EXTERN = NO;
				GCC_WARN_64_TO_32_BIT_CONVERSION = YES;
				GCC_WARN_ABOUT_RETURN_TYPE = YES_ERROR;
				GCC_WARN_UNDECLARED_SELECTOR = YES;
				GCC_WARN_UNINITIALIZED_AUTOS = YES_AGGRESSIVE;
				GCC_WARN_UNUSED_FUNCTION = YES;
				GCC_WARN_UNUSED_VARIABLE = YES;
				IPHONEOS_DEPLOYMENT_TARGET = 8.3;
				MTL_ENABLE_DEBUG_INFO = YES;
				ONLY_ACTIVE_ARCH = YES;
				SDKROOT = iphoneos;
				SWIFT_OPTIMIZATION_LEVEL = "-Onone";
				TARGETED_DEVICE_FAMILY = "1,2";
			};
			name = Debug;
		};
		CF6C25641B15149A00981CB5 /* Release */ = {
			isa = XCBuildConfiguration;
			buildSettings = {
				ALWAYS_SEARCH_USER_PATHS = NO;
				CLANG_CXX_LANGUAGE_STANDARD = "gnu++0x";
				CLANG_CXX_LIBRARY = "libc++";
				CLANG_ENABLE_MODULES = YES;
				CLANG_ENABLE_OBJC_ARC = YES;
				CLANG_WARN_BOOL_CONVERSION = YES;
				CLANG_WARN_CONSTANT_CONVERSION = YES;
				CLANG_WARN_DIRECT_OBJC_ISA_USAGE = YES_ERROR;
				CLANG_WARN_EMPTY_BODY = YES;
				CLANG_WARN_ENUM_CONVERSION = YES;
				CLANG_WARN_INT_CONVERSION = YES;
				CLANG_WARN_OBJC_ROOT_CLASS = YES_ERROR;
				CLANG_WARN_UNREACHABLE_CODE = YES;
				CLANG_WARN__DUPLICATE_METHOD_MATCH = YES;
				"CODE_SIGN_IDENTITY[sdk=iphoneos*]" = "iPhone Developer";
				COPY_PHASE_STRIP = NO;
				DEBUG_INFORMATION_FORMAT = "dwarf-with-dsym";
				ENABLE_NS_ASSERTIONS = NO;
				ENABLE_STRICT_OBJC_MSGSEND = YES;
				GCC_C_LANGUAGE_STANDARD = gnu99;
				GCC_NO_COMMON_BLOCKS = YES;
				GCC_WARN_64_TO_32_BIT_CONVERSION = YES;
				GCC_WARN_ABOUT_RETURN_TYPE = YES_ERROR;
				GCC_WARN_UNDECLARED_SELECTOR = YES;
				GCC_WARN_UNINITIALIZED_AUTOS = YES_AGGRESSIVE;
				GCC_WARN_UNUSED_FUNCTION = YES;
				GCC_WARN_UNUSED_VARIABLE = YES;
				IPHONEOS_DEPLOYMENT_TARGET = 8.3;
				MTL_ENABLE_DEBUG_INFO = NO;
				SDKROOT = iphoneos;
				TARGETED_DEVICE_FAMILY = "1,2";
				VALIDATE_PRODUCT = YES;
			};
			name = Release;
		};
		CF6C25661B15149A00981CB5 /* Debug */ = {
			isa = XCBuildConfiguration;
			buildSettings = {
				ASSETCATALOG_COMPILER_APPICON_NAME = AppIcon;
				INFOPLIST_FILE = Postcard/Info.plist;
				LD_RUNPATH_SEARCH_PATHS = "$(inherited) @executable_path/Frameworks";
				PRODUCT_NAME = "$(TARGET_NAME)";
			};
			name = Debug;
		};
		CF6C25671B15149A00981CB5 /* Release */ = {
			isa = XCBuildConfiguration;
			buildSettings = {
				ASSETCATALOG_COMPILER_APPICON_NAME = AppIcon;
				INFOPLIST_FILE = Postcard/Info.plist;
				LD_RUNPATH_SEARCH_PATHS = "$(inherited) @executable_path/Frameworks";
				PRODUCT_NAME = "$(TARGET_NAME)";
			};
			name = Release;
		};
		CF6C25691B15149A00981CB5 /* Debug */ = {
			isa = XCBuildConfiguration;
			buildSettings = {
				BUNDLE_LOADER = "$(TEST_HOST)";
				FRAMEWORK_SEARCH_PATHS = (
					"$(SDKROOT)/Developer/Library/Frameworks",
					"$(inherited)",
				);
				GCC_PREPROCESSOR_DEFINITIONS = (
					"DEBUG=1",
					"$(inherited)",
				);
				INFOPLIST_FILE = PostcardTests/Info.plist;
				LD_RUNPATH_SEARCH_PATHS = "$(inherited) @executable_path/Frameworks @loader_path/Frameworks";
				PRODUCT_NAME = "$(TARGET_NAME)";
				TEST_HOST = "$(BUILT_PRODUCTS_DIR)/Postcard.app/Postcard";
			};
			name = Debug;
		};
		CF6C256A1B15149A00981CB5 /* Release */ = {
			isa = XCBuildConfiguration;
			buildSettings = {
				BUNDLE_LOADER = "$(TEST_HOST)";
				FRAMEWORK_SEARCH_PATHS = (
					"$(SDKROOT)/Developer/Library/Frameworks",
					"$(inherited)",
				);
				INFOPLIST_FILE = PostcardTests/Info.plist;
				LD_RUNPATH_SEARCH_PATHS = "$(inherited) @executable_path/Frameworks @loader_path/Frameworks";
				PRODUCT_NAME = "$(TARGET_NAME)";
				TEST_HOST = "$(BUILT_PRODUCTS_DIR)/Postcard.app/Postcard";
			};
			name = Release;
		};
/* End XCBuildConfiguration section */

/* Begin XCConfigurationList section */
		CF6C25411B15149A00981CB5 /* Build configuration list for PBXProject "Postcard" */ = {
			isa = XCConfigurationList;
			buildConfigurations = (
				CF6C25631B15149A00981CB5 /* Debug */,
				CF6C25641B15149A00981CB5 /* Release */,
			);
			defaultConfigurationIsVisible = 0;
			defaultConfigurationName = Release;
		};
		CF6C25651B15149A00981CB5 /* Build configuration list for PBXNativeTarget "Postcard" */ = {
			isa = XCConfigurationList;
			buildConfigurations = (
				CF6C25661B15149A00981CB5 /* Debug */,
				CF6C25671B15149A00981CB5 /* Release */,
			);
			defaultConfigurationIsVisible = 0;
		};
		CF6C25681B15149A00981CB5 /* Build configuration list for PBXNativeTarget "PostcardTests" */ = {
			isa = XCConfigurationList;
			buildConfigurations = (
				CF6C25691B15149A00981CB5 /* Debug */,
				CF6C256A1B15149A00981CB5 /* Release */,
			);
			defaultConfigurationIsVisible = 0;
		};
/* End XCConfigurationList section */
	};
	rootObject = CF6C253E1B15149A00981CB5 /* Project object */;
}
